
Microsoft Visual Studio Solution File, Format Version 12.00
# Visual Studio Version 17
VisualStudioVersion = 17.5.33627.172
MinimumVisualStudioVersion = 10.0.40219.1
Project("{FAE04EC0-301F-11D3-BF4B-00C04F79EFBC}") = "gui warung kos", "gui warung kos\gui warung kos.csproj", "{9E538CA9-66BF-4CA5-96B1-C5E6D65A698C}"
EndProject
Project("{FAE04EC0-301F-11D3-BF4B-00C04F79EFBC}") = "RegistrationForm", "RegistrationForm\RegistrationForm.csproj", "{35D0789B-5ADF-4B8C-B35E-31E8110C1A99}"
EndProject
Project("{9A19103F-16F7-4668-BE54-9A1E7A4F7556}") = "UtilityLibrary", "UtilityLibrary\UtilityLibrary.csproj", "{FD35918D-4D22-4353-8BA9-C69C2E5A936E}"
EndProject
Project("{FAE04EC0-301F-11D3-BF4B-00C04F79EFBC}") = "Registration", "Registration\Registration.csproj", "{1AC98D72-17B7-42ED-9AF7-F543C4ECB73E}"
EndProject
Project("{FAE04EC0-301F-11D3-BF4B-00C04F79EFBC}") = "Pembayaran", "Pembayaran\Pembayaran.csproj", "{A644EA82-6D64-46C5-B1C7-7022901BA310}"
EndProject
Global
	GlobalSection(SolutionConfigurationPlatforms) = preSolution
		Debug|Any CPU = Debug|Any CPU
		Release|Any CPU = Release|Any CPU
	EndGlobalSection
	GlobalSection(ProjectConfigurationPlatforms) = postSolution
		{9E538CA9-66BF-4CA5-96B1-C5E6D65A698C}.Debug|Any CPU.ActiveCfg = Debug|Any CPU
		{9E538CA9-66BF-4CA5-96B1-C5E6D65A698C}.Debug|Any CPU.Build.0 = Debug|Any CPU
		{9E538CA9-66BF-4CA5-96B1-C5E6D65A698C}.Release|Any CPU.ActiveCfg = Release|Any CPU
		{9E538CA9-66BF-4CA5-96B1-C5E6D65A698C}.Release|Any CPU.Build.0 = Release|Any CPU
		{35D0789B-5ADF-4B8C-B35E-31E8110C1A99}.Debug|Any CPU.ActiveCfg = Debug|Any CPU
		{35D0789B-5ADF-4B8C-B35E-31E8110C1A99}.Debug|Any CPU.Build.0 = Debug|Any CPU
		{35D0789B-5ADF-4B8C-B35E-31E8110C1A99}.Release|Any CPU.ActiveCfg = Release|Any CPU
		{35D0789B-5ADF-4B8C-B35E-31E8110C1A99}.Release|Any CPU.Build.0 = Release|Any CPU
		{FD35918D-4D22-4353-8BA9-C69C2E5A936E}.Debug|Any CPU.ActiveCfg = Debug|Any CPU
		{FD35918D-4D22-4353-8BA9-C69C2E5A936E}.Debug|Any CPU.Build.0 = Debug|Any CPU
		{FD35918D-4D22-4353-8BA9-C69C2E5A936E}.Release|Any CPU.ActiveCfg = Release|Any CPU
		{FD35918D-4D22-4353-8BA9-C69C2E5A936E}.Release|Any CPU.Build.0 = Release|Any CPU
		{1AC98D72-17B7-42ED-9AF7-F543C4ECB73E}.Debug|Any CPU.ActiveCfg = Debug|Any CPU
		{1AC98D72-17B7-42ED-9AF7-F543C4ECB73E}.Debug|Any CPU.Build.0 = Debug|Any CPU
		{1AC98D72-17B7-42ED-9AF7-F543C4ECB73E}.Release|Any CPU.ActiveCfg = Release|Any CPU
		{1AC98D72-17B7-42ED-9AF7-F543C4ECB73E}.Release|Any CPU.Build.0 = Release|Any CPU
		{A644EA82-6D64-46C5-B1C7-7022901BA310}.Debug|Any CPU.ActiveCfg = Debug|Any CPU
		{A644EA82-6D64-46C5-B1C7-7022901BA310}.Debug|Any CPU.Build.0 = Debug|Any CPU
		{A644EA82-6D64-46C5-B1C7-7022901BA310}.Release|Any CPU.ActiveCfg = Release|Any CPU
		{A644EA82-6D64-46C5-B1C7-7022901BA310}.Release|Any CPU.Build.0 = Release|Any CPU
	EndGlobalSection
	GlobalSection(SolutionProperties) = preSolution
		HideSolutionNode = FALSE
	EndGlobalSection
	GlobalSection(ExtensibilityGlobals) = postSolution
		SolutionGuid = {87E3B1E2-3E82-4FEE-9BC4-9ABA0DF7FC2E}
	EndGlobalSection
EndGlobal
